<?xml version="1.0" encoding="utf-8"?>
<Project ToolsVersion="4.0" xmlns="http://schemas.microsoft.com/developer/msbuild/2003">
  <ItemGroup>
    <Filter Include="Src">
      <UniqueIdentifier>{0D23880B-792C-887C-02A8-9E7C6EB0937C}</UniqueIdentifier>
    </Filter>
    <Filter Include="Src\Scripts">
      <UniqueIdentifier>{44C7BD45-B07C-363B-3971-3012A5252D3F}</UniqueIdentifier>
    </Filter>
    <Filter Include="src">
      <UniqueIdentifier>{2DAB880B-99B4-887C-2230-9F7C8E38947C}</UniqueIdentifier>
    </Filter>
    <Filter Include="src\Panels">
      <UniqueIdentifier>{DFE6F326-CB9E-3574-34A6-0ED0207DD064}</UniqueIdentifier>
    </Filter>
  </ItemGroup>
  <ItemGroup>
    <ClInclude Include="Src\Scripts\CameraContorller.hpp">
      <Filter>Src\Scripts</Filter>
    </ClInclude>
    <ClInclude Include="src\Panels\SceneHierarchyPanel.h">
      <Filter>src\Panels</Filter>
    </ClInclude>
    <ClInclude Include="src\EditorLayer.h" />
    <ClInclude Include="src\Panels\ContentBrowserPanel.h" />
  </ItemGroup>
  <ItemGroup>
    <ClCompile Include="src\GodDecaylnut.cpp">
      <Filter>src</Filter>
    </ClCompile>
    <ClCompile Include="src\Panels\SceneHierarchyPanel.cpp">
      <Filter>src\Panels</Filter>
    </ClCompile>
    <ClCompile Include="src\EditorLayer.cpp" />
    <ClCompile Include="src\Panels\ContentBrowserPanel.cpp" />
  </ItemGroup>
</Project>