<?xml version="1.0" encoding="utf-8"?>
<Project ToolsVersion="4.0" xmlns="http://schemas.microsoft.com/developer/msbuild/2003">
  <ItemGroup>
    <Filter Include="GodDecay">
      <UniqueIdentifier>{A521C150-91EE-1B5C-BA07-0A04A63351EA}</UniqueIdentifier>
    </Filter>
    <Filter Include="GodDecay\Events">
      <UniqueIdentifier>{E9E1F55B-556D-6320-5E7E-E614CA88BF20}</UniqueIdentifier>
    </Filter>
    <Filter Include="Platform">
      <UniqueIdentifier>{2AC788B4-1694-E3BF-3FAD-D1672BD9184E}</UniqueIdentifier>
    </Filter>
    <Filter Include="Platform\Windows">
      <UniqueIdentifier>{64FBD71A-50F4-F66C-7926-DCF1657ED678}</UniqueIdentifier>
    </Filter>
  </ItemGroup>
  <ItemGroup>
    <ClInclude Include="src\GodDecay\Application.h">
      <Filter>GodDecay</Filter>
    </ClInclude>
    <ClInclude Include="src\GodDecay\Core.h">
      <Filter>GodDecay</Filter>
    </ClInclude>
    <ClInclude Include="src\GodDecay\EnterPoint.h">
      <Filter>GodDecay</Filter>
    </ClInclude>
    <ClInclude Include="src\GodDecay\Events\Application.h">
      <Filter>GodDecay\Events</Filter>
    </ClInclude>
    <ClInclude Include="src\GodDecay\Events\Event.h">
      <Filter>GodDecay\Events</Filter>
    </ClInclude>
    <ClInclude Include="src\GodDecay\Events\KeyEvent.h">
      <Filter>GodDecay\Events</Filter>
    </ClInclude>
    <ClInclude Include="src\GodDecay\Events\MouseEvent.h">
      <Filter>GodDecay\Events</Filter>
    </ClInclude>
    <ClInclude Include="src\GodDecay\Logger.h">
      <Filter>GodDecay</Filter>
    </ClInclude>
    <ClInclude Include="src\GodDecay\Window.h">
      <Filter>GodDecay</Filter>
    </ClInclude>
    <ClInclude Include="src\GodDecayTop.h" />
    <ClInclude Include="src\Platform\Windows\WindowsWindow.h">
      <Filter>Platform\Windows</Filter>
    </ClInclude>
    <ClInclude Include="src\gdpch.h" />
  </ItemGroup>
  <ItemGroup>
    <ClCompile Include="src\GodDecay\Application.cpp">
      <Filter>GodDecay</Filter>
    </ClCompile>
    <ClCompile Include="src\GodDecay\Logger.cpp">
      <Filter>GodDecay</Filter>
    </ClCompile>
    <ClCompile Include="src\Platform\Windows\WindowsWindow.cpp">
      <Filter>Platform\Windows</Filter>
    </ClCompile>
    <ClCompile Include="src\gdpch.cpp" />
  </ItemGroup>
</Project>