<?xml version="1.0" encoding="utf-8"?>
<Project ToolsVersion="4.0" xmlns="http://schemas.microsoft.com/developer/msbuild/2003">
  <ItemGroup>
    <Filter Include="GodDecay">
      <UniqueIdentifier>{A521C150-91EE-1B5C-BA07-0A04A63351EA}</UniqueIdentifier>
    </Filter>
    <Filter Include="GodDecay\Events">
      <UniqueIdentifier>{E9E1F55B-556D-6320-5E7E-E614CA88BF20}</UniqueIdentifier>
    </Filter>
    <Filter Include="GodDecay\ImGui">
      <UniqueIdentifier>{8F7EA76F-7B4C-9B75-64E0-0B9C504D77DA}</UniqueIdentifier>
    </Filter>
    <Filter Include="Platform">
      <UniqueIdentifier>{2AC788B4-1694-E3BF-3FAD-D1672BD9184E}</UniqueIdentifier>
    </Filter>
    <Filter Include="Platform\OpenGL">
      <UniqueIdentifier>{1E7D2C1D-8A08-9AE1-9319-1DD6FF23F6E1}</UniqueIdentifier>
    </Filter>
    <Filter Include="Platform\OpenGL\OpenGLImGui">
      <UniqueIdentifier>{6DA35366-D9B0-814C-6297-7D37CEA34D03}</UniqueIdentifier>
    </Filter>
    <Filter Include="Platform\Windows">
      <UniqueIdentifier>{64FBD71A-50F4-F66C-7926-DCF1657ED678}</UniqueIdentifier>
    </Filter>
  </ItemGroup>
  <ItemGroup>
    <ClInclude Include="src\GodDecay\Application.h">
      <Filter>GodDecay</Filter>
    </ClInclude>
    <ClInclude Include="src\GodDecay\Core.h">
      <Filter>GodDecay</Filter>
    </ClInclude>
    <ClInclude Include="src\GodDecay\EnterPoint.h">
      <Filter>GodDecay</Filter>
    </ClInclude>
    <ClInclude Include="src\GodDecay\Events\ApplicationEvent.h">
      <Filter>GodDecay\Events</Filter>
    </ClInclude>
    <ClInclude Include="src\GodDecay\Events\Event.h">
      <Filter>GodDecay\Events</Filter>
    </ClInclude>
    <ClInclude Include="src\GodDecay\Events\KeyEvent.h">
      <Filter>GodDecay\Events</Filter>
    </ClInclude>
    <ClInclude Include="src\GodDecay\Events\MouseEvent.h">
      <Filter>GodDecay\Events</Filter>
    </ClInclude>
    <ClInclude Include="src\GodDecay\ImGui\ImGuiLayer.h">
      <Filter>GodDecay\ImGui</Filter>
    </ClInclude>
    <ClInclude Include="src\GodDecay\Layer.h">
      <Filter>GodDecay</Filter>
    </ClInclude>
    <ClInclude Include="src\GodDecay\LayerStack.h">
      <Filter>GodDecay</Filter>
    </ClInclude>
    <ClInclude Include="src\GodDecay\Logger.h">
      <Filter>GodDecay</Filter>
    </ClInclude>
    <ClInclude Include="src\GodDecay\Window.h">
      <Filter>GodDecay</Filter>
    </ClInclude>
    <ClInclude Include="src\GodDecayTop.h" />
    <ClInclude Include="src\Platform\OpenGL\OpenGLImGui\imgui_impl_glfw.h">
      <Filter>Platform\OpenGL\OpenGLImGui</Filter>
    </ClInclude>
    <ClInclude Include="src\Platform\OpenGL\OpenGLImGui\imgui_impl_opengl3.h">
      <Filter>Platform\OpenGL\OpenGLImGui</Filter>
    </ClInclude>
    <ClInclude Include="src\Platform\OpenGL\OpenGLImGui\imgui_impl_opengl3_loader.h">
      <Filter>Platform\OpenGL\OpenGLImGui</Filter>
    </ClInclude>
    <ClInclude Include="src\Platform\Windows\WindowsWindow.h">
      <Filter>Platform\Windows</Filter>
    </ClInclude>
    <ClInclude Include="src\gdpch.h" />
  </ItemGroup>
  <ItemGroup>
    <ClCompile Include="src\GodDecay\Application.cpp">
      <Filter>GodDecay</Filter>
    </ClCompile>
    <ClCompile Include="src\GodDecay\ImGui\ImGuiLayer.cpp">
      <Filter>GodDecay\ImGui</Filter>
    </ClCompile>
    <ClCompile Include="src\GodDecay\Layer.cpp">
      <Filter>GodDecay</Filter>
    </ClCompile>
    <ClCompile Include="src\GodDecay\LayerStack.cpp">
      <Filter>GodDecay</Filter>
    </ClCompile>
    <ClCompile Include="src\GodDecay\Logger.cpp">
      <Filter>GodDecay</Filter>
    </ClCompile>
    <ClCompile Include="src\Platform\OpenGL\OpenGLImGui\imgui_impl_glfw.cpp">
      <Filter>Platform\OpenGL\OpenGLImGui</Filter>
    </ClCompile>
    <ClCompile Include="src\Platform\OpenGL\OpenGLImGui\imgui_impl_opengl3.cpp">
      <Filter>Platform\OpenGL\OpenGLImGui</Filter>
    </ClCompile>
    <ClCompile Include="src\Platform\Windows\WindowsWindow.cpp">
      <Filter>Platform\Windows</Filter>
    </ClCompile>
    <ClCompile Include="src\gdpch.cpp" />
  </ItemGroup>
</Project>